
Microsoft Visual Studio Solution File, Format Version 12.00
# Visual Studio 2012
Project("{FAE04EC0-301F-11D3-BF4B-00C04F79EFBC}") = "mvcBlog", "mvcBlog\mvcBlog.csproj", "{31A91B36-3DB8-4739-ADA1-228F328B1ECB}"
EndProject
Project("{FAE04EC0-301F-11D3-BF4B-00C04F79EFBC}") = "mvcBlog.Tests", "mvcBlog.Tests\mvcBlog.Tests.csproj", "{2D1A305F-6F30-4E6B-BFB5-C9DA5A7B3576}"
EndProject
Global
	GlobalSection(SolutionConfigurationPlatforms) = preSolution
		Debug|Any CPU = Debug|Any CPU
		Release|Any CPU = Release|Any CPU
	EndGlobalSection
	GlobalSection(ProjectConfigurationPlatforms) = postSolution
		{31A91B36-3DB8-4739-ADA1-228F328B1ECB}.Debug|Any CPU.ActiveCfg = Debug|Any CPU
		{31A91B36-3DB8-4739-ADA1-228F328B1ECB}.Debug|Any CPU.Build.0 = Debug|Any CPU
		{31A91B36-3DB8-4739-ADA1-228F328B1ECB}.Release|Any CPU.ActiveCfg = Release|Any CPU
		{31A91B36-3DB8-4739-ADA1-228F328B1ECB}.Release|Any CPU.Build.0 = Release|Any CPU
		{2D1A305F-6F30-4E6B-BFB5-C9DA5A7B3576}.Debug|Any CPU.ActiveCfg = Debug|Any CPU
		{2D1A305F-6F30-4E6B-BFB5-C9DA5A7B3576}.Debug|Any CPU.Build.0 = Debug|Any CPU
		{2D1A305F-6F30-4E6B-BFB5-C9DA5A7B3576}.Release|Any CPU.ActiveCfg = Release|Any CPU
		{2D1A305F-6F30-4E6B-BFB5-C9DA5A7B3576}.Release|Any CPU.Build.0 = Release|Any CPU
	EndGlobalSection
	GlobalSection(SolutionProperties) = preSolution
		HideSolutionNode = FALSE
	EndGlobalSection
EndGlobal
